<?xml version="1.0" encoding="utf-8"?>
<Project ToolsVersion="4.0" xmlns="http://schemas.microsoft.com/developer/msbuild/2003">
  <ItemGroup>
    <ClCompile Include="Plugin.cpp" />
    <ClCompile Include="stdafx.cpp" />
    <ClCompile Include="Character.cpp">
      <Filter>GOAP</Filter>
    </ClCompile>
    <ClCompile Include="FiniteStateMachine.cpp">
      <Filter>GOAP</Filter>
    </ClCompile>
    <ClCompile Include="Planner.cpp">
      <Filter>GOAP</Filter>
    </ClCompile>
    <ClCompile Include="ConditionsAndActions.cpp">
      <Filter>GOAP\Actions</Filter>
    </ClCompile>
    <ClCompile Include="PickupClass.cpp">
      <Filter>GOAP\Actions</Filter>
    </ClCompile>
    <ClCompile Include="PlunderHouse.cpp">
      <Filter>GOAP\Actions</Filter>
    </ClCompile>
    <ClCompile Include="EnterHouse.cpp">
      <Filter>GOAP\Actions</Filter>
    </ClCompile>
    <ClCompile Include="SearchForItems.cpp">
      <Filter>GOAP\Actions</Filter>
    </ClCompile>
    <ClCompile Include="ShootAtEnemy.cpp">
      <Filter>GOAP\Actions</Filter>
    </ClCompile>
    <ClCompile Include="ExitHouse.cpp">
      <Filter>GOAP\Actions</Filter>
    </ClCompile>
    <ClCompile Include="UseMedkit.cpp">
      <Filter>GOAP\Actions</Filter>
    </ClCompile>
    <ClCompile Include="UseFood.cpp">
      <Filter>GOAP\Actions</Filter>
    </ClCompile>
    <ClCompile Include="CheckArea.cpp">
      <Filter>GOAP\Actions</Filter>
    </ClCompile>
    <ClCompile Include="EscapePurgeZone.cpp">
      <Filter>GOAP\Actions</Filter>
    </ClCompile>
    <ClCompile Include="LookBehindForEnemies.cpp">
      <Filter>GOAP\Actions</Filter>
    </ClCompile>
    <ClCompile Include="EvadeEnemy.cpp">
      <Filter>GOAP\Actions</Filter>
    </ClCompile>
    <ClCompile Include="EscapeHouse.cpp">
      <Filter>GOAP\Actions</Filter>
    </ClCompile>
    <ClCompile Include="PatrolForEnemies.cpp">
      <Filter>GOAP\Actions</Filter>
    </ClCompile>
    <ClCompile Include="MoveBackInBoundaries.cpp">
      <Filter>GOAP\Actions</Filter>
    </ClCompile>
    <ClCompile Include="NeedsFood.cpp">
      <Filter>GOAP\Actions</Filter>
    </ClCompile>
    <ClCompile Include="NeedsGun.cpp">
      <Filter>GOAP\Actions</Filter>
    </ClCompile>
    <ClCompile Include="NeedsMedkit.cpp">
      <Filter>GOAP\Actions</Filter>
    </ClCompile>
  </ItemGroup>
  <ItemGroup>
    <ClInclude Include="Plugin.h" />
    <ClInclude Include="stdafx.h" />
    <ClInclude Include="Character.h">
      <Filter>GOAP</Filter>
    </ClInclude>
    <ClInclude Include="FiniteStateMachine.h">
      <Filter>GOAP</Filter>
    </ClInclude>
    <ClInclude Include="Planner.h">
      <Filter>GOAP</Filter>
    </ClInclude>
    <ClInclude Include="ConditionsAndActions.h">
      <Filter>GOAP\Actions</Filter>
    </ClInclude>
    <ClInclude Include="PickupClass.h">
      <Filter>GOAP\Actions</Filter>
    </ClInclude>
    <ClInclude Include="PlunderHouse.h">
      <Filter>GOAP\Actions</Filter>
    </ClInclude>
    <ClInclude Include="EnterHouse.h">
      <Filter>GOAP\Actions</Filter>
    </ClInclude>
    <ClInclude Include="SearchForItems.h">
      <Filter>GOAP\Actions</Filter>
    </ClInclude>
    <ClInclude Include="ShootAtEnemy.h">
      <Filter>GOAP\Actions</Filter>
    </ClInclude>
    <ClInclude Include="ExitHouse.h">
      <Filter>GOAP\Actions</Filter>
    </ClInclude>
    <ClInclude Include="UseMedkit.h">
      <Filter>GOAP\Actions</Filter>
    </ClInclude>
    <ClInclude Include="UseFood.h">
      <Filter>GOAP\Actions</Filter>
    </ClInclude>
    <ClInclude Include="CheckArea.h">
      <Filter>GOAP\Actions</Filter>
    </ClInclude>
    <ClInclude Include="EscapePurgeZone.h">
      <Filter>GOAP\Actions</Filter>
    </ClInclude>
    <ClInclude Include="LookBehindForEnemies.h">
      <Filter>GOAP\Actions</Filter>
    </ClInclude>
    <ClInclude Include="EvadeEnemy.h">
      <Filter>GOAP\Actions</Filter>
    </ClInclude>
    <ClInclude Include="EscapeHouse.h">
      <Filter>GOAP\Actions</Filter>
    </ClInclude>
    <ClInclude Include="Helpers.h">
      <Filter>GOAP</Filter>
    </ClInclude>
    <ClInclude Include="PatrolForEnemies.h">
      <Filter>GOAP\Actions</Filter>
    </ClInclude>
    <ClInclude Include="MoveBackInBoundaries.h">
      <Filter>GOAP\Actions</Filter>
    </ClInclude>
    <ClInclude Include="NeedsFood.h">
      <Filter>GOAP\Actions</Filter>
    </ClInclude>
    <ClInclude Include="NeedsGun.h">
      <Filter>GOAP\Actions</Filter>
    </ClInclude>
    <ClInclude Include="NeedsMedkit.h">
      <Filter>GOAP\Actions</Filter>
    </ClInclude>
  </ItemGroup>
  <ItemGroup>
    <Filter Include="GOAP">
      <UniqueIdentifier>{bbab6ac7-f8b9-4920-9f09-b701f0c56e51}</UniqueIdentifier>
    </Filter>
    <Filter Include="GOAP\Actions">
      <UniqueIdentifier>{e1717978-a4f0-43d1-a5e2-ef55d3ba5dda}</UniqueIdentifier>
    </Filter>
  </ItemGroup>
</Project>